
Microsoft Visual Studio Solution File, Format Version 12.00
# Visual Studio Version 16
VisualStudioVersion = 16.0.28922.388
MinimumVisualStudioVersion = 10.0.40219.1
Project("{FAE04EC0-301F-11D3-BF4B-00C04F79EFBC}") = "AppName.Droid", "AppName.Droid\AppName.Droid.csproj", "{13BA34AE-3082-42A2-9F8B-1F2DC1DCA48F}"
EndProject
Project("{FAE04EC0-301F-11D3-BF4B-00C04F79EFBC}") = "AppName.iOS", "AppName.iOS\AppName.iOS.csproj", "{4520F993-C87F-454C-8431-FFA46FF9211A}"
EndProject
Project("{9A19103F-16F7-4668-BE54-9A1E7A4F7556}") = "AppName", "AppName\AppName.csproj", "{CDD035AB-E8E6-4822-8854-D5723E6F0A56}"
EndProject
Project("{9A19103F-16F7-4668-BE54-9A1E7A4F7556}") = "AppName.Core", "Core\AppName.Core.csproj", "{5D689AE9-CEA5-491F-B196-AE4B6C9BA5C1}"
EndProject
Project("{FAE04EC0-301F-11D3-BF4B-00C04F79EFBC}") = "AppName.Core.Droid", "Core.Droid\AppName.Core.Droid.csproj", "{8D932186-4A2A-4EA2-8E1B-AA39DF3A7E61}"
EndProject
Project("{FAE04EC0-301F-11D3-BF4B-00C04F79EFBC}") = "AppName.Core.iOS", "Core.iOS\AppName.Core.iOS.csproj", "{A0ED783F-0EFD-41C0-8025-D29217345730}"
EndProject
Project("{2150E333-8FDC-42A3-9474-1A3956D46DE8}") = "Support", "Support", "{260971F1-6705-4FEF-9150-59B83EB7644E}"
EndProject
Global
	GlobalSection(SolutionConfigurationPlatforms) = preSolution
		Ad-Hoc|Any CPU = Ad-Hoc|Any CPU
		Ad-Hoc|iPhone = Ad-Hoc|iPhone
		Ad-Hoc|iPhoneSimulator = Ad-Hoc|iPhoneSimulator
		AppStore|Any CPU = AppStore|Any CPU
		AppStore|iPhone = AppStore|iPhone
		AppStore|iPhoneSimulator = AppStore|iPhoneSimulator
		Debug|Any CPU = Debug|Any CPU
		Debug|iPhone = Debug|iPhone
		Debug|iPhoneSimulator = Debug|iPhoneSimulator
		Release|Any CPU = Release|Any CPU
		Release|iPhone = Release|iPhone
		Release|iPhoneSimulator = Release|iPhoneSimulator
	EndGlobalSection
	GlobalSection(ProjectConfigurationPlatforms) = postSolution
		{13BA34AE-3082-42A2-9F8B-1F2DC1DCA48F}.Ad-Hoc|Any CPU.ActiveCfg = Release|Any CPU
		{13BA34AE-3082-42A2-9F8B-1F2DC1DCA48F}.Ad-Hoc|Any CPU.Build.0 = Release|Any CPU
		{13BA34AE-3082-42A2-9F8B-1F2DC1DCA48F}.Ad-Hoc|Any CPU.Deploy.0 = Release|Any CPU
		{13BA34AE-3082-42A2-9F8B-1F2DC1DCA48F}.Ad-Hoc|iPhone.ActiveCfg = Debug|Any CPU
		{13BA34AE-3082-42A2-9F8B-1F2DC1DCA48F}.Ad-Hoc|iPhone.Build.0 = Debug|Any CPU
		{13BA34AE-3082-42A2-9F8B-1F2DC1DCA48F}.Ad-Hoc|iPhoneSimulator.ActiveCfg = Debug|Any CPU
		{13BA34AE-3082-42A2-9F8B-1F2DC1DCA48F}.Ad-Hoc|iPhoneSimulator.Build.0 = Debug|Any CPU
		{13BA34AE-3082-42A2-9F8B-1F2DC1DCA48F}.Ad-Hoc|iPhoneSimulator.Deploy.0 = Debug|Any CPU
		{13BA34AE-3082-42A2-9F8B-1F2DC1DCA48F}.AppStore|Any CPU.ActiveCfg = Release|Any CPU
		{13BA34AE-3082-42A2-9F8B-1F2DC1DCA48F}.AppStore|Any CPU.Build.0 = Release|Any CPU
		{13BA34AE-3082-42A2-9F8B-1F2DC1DCA48F}.AppStore|Any CPU.Deploy.0 = Release|Any CPU
		{13BA34AE-3082-42A2-9F8B-1F2DC1DCA48F}.AppStore|iPhone.ActiveCfg = Debug|Any CPU
		{13BA34AE-3082-42A2-9F8B-1F2DC1DCA48F}.AppStore|iPhone.Build.0 = Debug|Any CPU
		{13BA34AE-3082-42A2-9F8B-1F2DC1DCA48F}.AppStore|iPhoneSimulator.ActiveCfg = Debug|Any CPU
		{13BA34AE-3082-42A2-9F8B-1F2DC1DCA48F}.AppStore|iPhoneSimulator.Build.0 = Debug|Any CPU
		{13BA34AE-3082-42A2-9F8B-1F2DC1DCA48F}.AppStore|iPhoneSimulator.Deploy.0 = Debug|Any CPU
		{13BA34AE-3082-42A2-9F8B-1F2DC1DCA48F}.Debug|Any CPU.ActiveCfg = Debug|Any CPU
		{13BA34AE-3082-42A2-9F8B-1F2DC1DCA48F}.Debug|Any CPU.Build.0 = Debug|Any CPU
		{13BA34AE-3082-42A2-9F8B-1F2DC1DCA48F}.Debug|Any CPU.Deploy.0 = Debug|Any CPU
		{13BA34AE-3082-42A2-9F8B-1F2DC1DCA48F}.Debug|iPhone.ActiveCfg = Debug|Any CPU
		{13BA34AE-3082-42A2-9F8B-1F2DC1DCA48F}.Debug|iPhone.Build.0 = Debug|Any CPU
		{13BA34AE-3082-42A2-9F8B-1F2DC1DCA48F}.Debug|iPhone.Deploy.0 = Debug|Any CPU
		{13BA34AE-3082-42A2-9F8B-1F2DC1DCA48F}.Debug|iPhoneSimulator.ActiveCfg = Debug|Any CPU
		{13BA34AE-3082-42A2-9F8B-1F2DC1DCA48F}.Debug|iPhoneSimulator.Build.0 = Debug|Any CPU
		{13BA34AE-3082-42A2-9F8B-1F2DC1DCA48F}.Release|Any CPU.ActiveCfg = Release|Any CPU
		{13BA34AE-3082-42A2-9F8B-1F2DC1DCA48F}.Release|Any CPU.Build.0 = Release|Any CPU
		{13BA34AE-3082-42A2-9F8B-1F2DC1DCA48F}.Release|iPhone.ActiveCfg = Release|Any CPU
		{13BA34AE-3082-42A2-9F8B-1F2DC1DCA48F}.Release|iPhone.Build.0 = Release|Any CPU
		{13BA34AE-3082-42A2-9F8B-1F2DC1DCA48F}.Release|iPhoneSimulator.ActiveCfg = Release|Any CPU
		{13BA34AE-3082-42A2-9F8B-1F2DC1DCA48F}.Release|iPhoneSimulator.Build.0 = Release|Any CPU
		{4520F993-C87F-454C-8431-FFA46FF9211A}.Ad-Hoc|Any CPU.ActiveCfg = Ad-Hoc|iPhoneSimulator
		{4520F993-C87F-454C-8431-FFA46FF9211A}.Ad-Hoc|iPhone.ActiveCfg = Ad-Hoc|iPhone
		{4520F993-C87F-454C-8431-FFA46FF9211A}.Ad-Hoc|iPhone.Build.0 = Ad-Hoc|iPhone
		{4520F993-C87F-454C-8431-FFA46FF9211A}.Ad-Hoc|iPhoneSimulator.ActiveCfg = Ad-Hoc|iPhoneSimulator
		{4520F993-C87F-454C-8431-FFA46FF9211A}.Ad-Hoc|iPhoneSimulator.Build.0 = Ad-Hoc|iPhoneSimulator
		{4520F993-C87F-454C-8431-FFA46FF9211A}.AppStore|Any CPU.ActiveCfg = AppStore|iPhoneSimulator
		{4520F993-C87F-454C-8431-FFA46FF9211A}.AppStore|iPhone.ActiveCfg = AppStore|iPhone
		{4520F993-C87F-454C-8431-FFA46FF9211A}.AppStore|iPhone.Build.0 = AppStore|iPhone
		{4520F993-C87F-454C-8431-FFA46FF9211A}.AppStore|iPhoneSimulator.ActiveCfg = AppStore|iPhoneSimulator
		{4520F993-C87F-454C-8431-FFA46FF9211A}.AppStore|iPhoneSimulator.Build.0 = AppStore|iPhoneSimulator
		{4520F993-C87F-454C-8431-FFA46FF9211A}.Debug|Any CPU.ActiveCfg = Debug|iPhoneSimulator
		{4520F993-C87F-454C-8431-FFA46FF9211A}.Debug|iPhone.ActiveCfg = Debug|iPhoneSimulator
		{4520F993-C87F-454C-8431-FFA46FF9211A}.Debug|iPhone.Build.0 = Debug|iPhoneSimulator
		{4520F993-C87F-454C-8431-FFA46FF9211A}.Debug|iPhoneSimulator.ActiveCfg = Debug|iPhoneSimulator
		{4520F993-C87F-454C-8431-FFA46FF9211A}.Debug|iPhoneSimulator.Build.0 = Debug|iPhoneSimulator
		{4520F993-C87F-454C-8431-FFA46FF9211A}.Release|Any CPU.ActiveCfg = Release|iPhoneSimulator
		{4520F993-C87F-454C-8431-FFA46FF9211A}.Release|Any CPU.Build.0 = Release|iPhoneSimulator
		{4520F993-C87F-454C-8431-FFA46FF9211A}.Release|iPhone.ActiveCfg = Release|iPhone
		{4520F993-C87F-454C-8431-FFA46FF9211A}.Release|iPhone.Build.0 = Release|iPhone
		{4520F993-C87F-454C-8431-FFA46FF9211A}.Release|iPhoneSimulator.ActiveCfg = Release|iPhoneSimulator
		{4520F993-C87F-454C-8431-FFA46FF9211A}.Release|iPhoneSimulator.Build.0 = Release|iPhoneSimulator
		{CDD035AB-E8E6-4822-8854-D5723E6F0A56}.Ad-Hoc|Any CPU.ActiveCfg = Release|Any CPU
		{CDD035AB-E8E6-4822-8854-D5723E6F0A56}.Ad-Hoc|Any CPU.Build.0 = Release|Any CPU
		{CDD035AB-E8E6-4822-8854-D5723E6F0A56}.Ad-Hoc|iPhone.ActiveCfg = Debug|Any CPU
		{CDD035AB-E8E6-4822-8854-D5723E6F0A56}.Ad-Hoc|iPhone.Build.0 = Debug|Any CPU
		{CDD035AB-E8E6-4822-8854-D5723E6F0A56}.Ad-Hoc|iPhoneSimulator.ActiveCfg = Release|Any CPU
		{CDD035AB-E8E6-4822-8854-D5723E6F0A56}.Ad-Hoc|iPhoneSimulator.Build.0 = Release|Any CPU
		{CDD035AB-E8E6-4822-8854-D5723E6F0A56}.AppStore|Any CPU.ActiveCfg = Release|Any CPU
		{CDD035AB-E8E6-4822-8854-D5723E6F0A56}.AppStore|Any CPU.Build.0 = Release|Any CPU
		{CDD035AB-E8E6-4822-8854-D5723E6F0A56}.AppStore|iPhone.ActiveCfg = Debug|Any CPU
		{CDD035AB-E8E6-4822-8854-D5723E6F0A56}.AppStore|iPhone.Build.0 = Debug|Any CPU
		{CDD035AB-E8E6-4822-8854-D5723E6F0A56}.AppStore|iPhoneSimulator.ActiveCfg = Release|Any CPU
		{CDD035AB-E8E6-4822-8854-D5723E6F0A56}.AppStore|iPhoneSimulator.Build.0 = Release|Any CPU
		{CDD035AB-E8E6-4822-8854-D5723E6F0A56}.Debug|Any CPU.ActiveCfg = Debug|Any CPU
		{CDD035AB-E8E6-4822-8854-D5723E6F0A56}.Debug|Any CPU.Build.0 = Debug|Any CPU
		{CDD035AB-E8E6-4822-8854-D5723E6F0A56}.Debug|iPhone.ActiveCfg = Debug|Any CPU
		{CDD035AB-E8E6-4822-8854-D5723E6F0A56}.Debug|iPhone.Build.0 = Debug|Any CPU
		{CDD035AB-E8E6-4822-8854-D5723E6F0A56}.Debug|iPhoneSimulator.ActiveCfg = Debug|Any CPU
		{CDD035AB-E8E6-4822-8854-D5723E6F0A56}.Debug|iPhoneSimulator.Build.0 = Debug|Any CPU
		{CDD035AB-E8E6-4822-8854-D5723E6F0A56}.Release|Any CPU.ActiveCfg = Release|Any CPU
		{CDD035AB-E8E6-4822-8854-D5723E6F0A56}.Release|Any CPU.Build.0 = Release|Any CPU
		{CDD035AB-E8E6-4822-8854-D5723E6F0A56}.Release|iPhone.ActiveCfg = Release|Any CPU
		{CDD035AB-E8E6-4822-8854-D5723E6F0A56}.Release|iPhone.Build.0 = Release|Any CPU
		{CDD035AB-E8E6-4822-8854-D5723E6F0A56}.Release|iPhoneSimulator.ActiveCfg = Release|Any CPU
		{CDD035AB-E8E6-4822-8854-D5723E6F0A56}.Release|iPhoneSimulator.Build.0 = Release|Any CPU
		{5D689AE9-CEA5-491F-B196-AE4B6C9BA5C1}.Ad-Hoc|Any CPU.ActiveCfg = Debug|Any CPU
		{5D689AE9-CEA5-491F-B196-AE4B6C9BA5C1}.Ad-Hoc|Any CPU.Build.0 = Debug|Any CPU
		{5D689AE9-CEA5-491F-B196-AE4B6C9BA5C1}.Ad-Hoc|iPhone.ActiveCfg = Debug|Any CPU
		{5D689AE9-CEA5-491F-B196-AE4B6C9BA5C1}.Ad-Hoc|iPhone.Build.0 = Debug|Any CPU
		{5D689AE9-CEA5-491F-B196-AE4B6C9BA5C1}.Ad-Hoc|iPhoneSimulator.ActiveCfg = Debug|Any CPU
		{5D689AE9-CEA5-491F-B196-AE4B6C9BA5C1}.Ad-Hoc|iPhoneSimulator.Build.0 = Debug|Any CPU
		{5D689AE9-CEA5-491F-B196-AE4B6C9BA5C1}.AppStore|Any CPU.ActiveCfg = Debug|Any CPU
		{5D689AE9-CEA5-491F-B196-AE4B6C9BA5C1}.AppStore|Any CPU.Build.0 = Debug|Any CPU
		{5D689AE9-CEA5-491F-B196-AE4B6C9BA5C1}.AppStore|iPhone.ActiveCfg = Debug|Any CPU
		{5D689AE9-CEA5-491F-B196-AE4B6C9BA5C1}.AppStore|iPhone.Build.0 = Debug|Any CPU
		{5D689AE9-CEA5-491F-B196-AE4B6C9BA5C1}.AppStore|iPhoneSimulator.ActiveCfg = Debug|Any CPU
		{5D689AE9-CEA5-491F-B196-AE4B6C9BA5C1}.AppStore|iPhoneSimulator.Build.0 = Debug|Any CPU
		{5D689AE9-CEA5-491F-B196-AE4B6C9BA5C1}.Debug|Any CPU.ActiveCfg = Debug|Any CPU
		{5D689AE9-CEA5-491F-B196-AE4B6C9BA5C1}.Debug|Any CPU.Build.0 = Debug|Any CPU
		{5D689AE9-CEA5-491F-B196-AE4B6C9BA5C1}.Debug|iPhone.ActiveCfg = Debug|Any CPU
		{5D689AE9-CEA5-491F-B196-AE4B6C9BA5C1}.Debug|iPhone.Build.0 = Debug|Any CPU
		{5D689AE9-CEA5-491F-B196-AE4B6C9BA5C1}.Debug|iPhoneSimulator.ActiveCfg = Debug|Any CPU
		{5D689AE9-CEA5-491F-B196-AE4B6C9BA5C1}.Debug|iPhoneSimulator.Build.0 = Debug|Any CPU
		{5D689AE9-CEA5-491F-B196-AE4B6C9BA5C1}.Release|Any CPU.ActiveCfg = Release|Any CPU
		{5D689AE9-CEA5-491F-B196-AE4B6C9BA5C1}.Release|Any CPU.Build.0 = Release|Any CPU
		{5D689AE9-CEA5-491F-B196-AE4B6C9BA5C1}.Release|iPhone.ActiveCfg = Release|Any CPU
		{5D689AE9-CEA5-491F-B196-AE4B6C9BA5C1}.Release|iPhone.Build.0 = Release|Any CPU
		{5D689AE9-CEA5-491F-B196-AE4B6C9BA5C1}.Release|iPhoneSimulator.ActiveCfg = Release|Any CPU
		{5D689AE9-CEA5-491F-B196-AE4B6C9BA5C1}.Release|iPhoneSimulator.Build.0 = Release|Any CPU
		{8D932186-4A2A-4EA2-8E1B-AA39DF3A7E61}.Ad-Hoc|Any CPU.ActiveCfg = Release|Any CPU
		{8D932186-4A2A-4EA2-8E1B-AA39DF3A7E61}.Ad-Hoc|Any CPU.Build.0 = Release|Any CPU
		{8D932186-4A2A-4EA2-8E1B-AA39DF3A7E61}.Ad-Hoc|iPhone.ActiveCfg = Release|Any CPU
		{8D932186-4A2A-4EA2-8E1B-AA39DF3A7E61}.Ad-Hoc|iPhone.Build.0 = Release|Any CPU
		{8D932186-4A2A-4EA2-8E1B-AA39DF3A7E61}.Ad-Hoc|iPhoneSimulator.ActiveCfg = Release|Any CPU
		{8D932186-4A2A-4EA2-8E1B-AA39DF3A7E61}.Ad-Hoc|iPhoneSimulator.Build.0 = Release|Any CPU
		{8D932186-4A2A-4EA2-8E1B-AA39DF3A7E61}.AppStore|Any CPU.ActiveCfg = Release|Any CPU
		{8D932186-4A2A-4EA2-8E1B-AA39DF3A7E61}.AppStore|Any CPU.Build.0 = Release|Any CPU
		{8D932186-4A2A-4EA2-8E1B-AA39DF3A7E61}.AppStore|iPhone.ActiveCfg = Release|Any CPU
		{8D932186-4A2A-4EA2-8E1B-AA39DF3A7E61}.AppStore|iPhone.Build.0 = Release|Any CPU
		{8D932186-4A2A-4EA2-8E1B-AA39DF3A7E61}.AppStore|iPhoneSimulator.ActiveCfg = Release|Any CPU
		{8D932186-4A2A-4EA2-8E1B-AA39DF3A7E61}.AppStore|iPhoneSimulator.Build.0 = Release|Any CPU
		{8D932186-4A2A-4EA2-8E1B-AA39DF3A7E61}.Debug|Any CPU.ActiveCfg = Debug|Any CPU
		{8D932186-4A2A-4EA2-8E1B-AA39DF3A7E61}.Debug|Any CPU.Build.0 = Debug|Any CPU
		{8D932186-4A2A-4EA2-8E1B-AA39DF3A7E61}.Debug|iPhone.ActiveCfg = Debug|Any CPU
		{8D932186-4A2A-4EA2-8E1B-AA39DF3A7E61}.Debug|iPhone.Build.0 = Debug|Any CPU
		{8D932186-4A2A-4EA2-8E1B-AA39DF3A7E61}.Debug|iPhoneSimulator.ActiveCfg = Debug|Any CPU
		{8D932186-4A2A-4EA2-8E1B-AA39DF3A7E61}.Debug|iPhoneSimulator.Build.0 = Debug|Any CPU
		{8D932186-4A2A-4EA2-8E1B-AA39DF3A7E61}.Release|Any CPU.ActiveCfg = Release|Any CPU
		{8D932186-4A2A-4EA2-8E1B-AA39DF3A7E61}.Release|Any CPU.Build.0 = Release|Any CPU
		{8D932186-4A2A-4EA2-8E1B-AA39DF3A7E61}.Release|iPhone.ActiveCfg = Release|Any CPU
		{8D932186-4A2A-4EA2-8E1B-AA39DF3A7E61}.Release|iPhone.Build.0 = Release|Any CPU
		{8D932186-4A2A-4EA2-8E1B-AA39DF3A7E61}.Release|iPhoneSimulator.ActiveCfg = Release|Any CPU
		{8D932186-4A2A-4EA2-8E1B-AA39DF3A7E61}.Release|iPhoneSimulator.Build.0 = Release|Any CPU
		{A0ED783F-0EFD-41C0-8025-D29217345730}.Ad-Hoc|Any CPU.ActiveCfg = Release|Any CPU
		{A0ED783F-0EFD-41C0-8025-D29217345730}.Ad-Hoc|Any CPU.Build.0 = Release|Any CPU
		{A0ED783F-0EFD-41C0-8025-D29217345730}.Ad-Hoc|iPhone.ActiveCfg = Release|Any CPU
		{A0ED783F-0EFD-41C0-8025-D29217345730}.Ad-Hoc|iPhone.Build.0 = Release|Any CPU
		{A0ED783F-0EFD-41C0-8025-D29217345730}.Ad-Hoc|iPhoneSimulator.ActiveCfg = Release|Any CPU
		{A0ED783F-0EFD-41C0-8025-D29217345730}.Ad-Hoc|iPhoneSimulator.Build.0 = Release|Any CPU
		{A0ED783F-0EFD-41C0-8025-D29217345730}.AppStore|Any CPU.ActiveCfg = Release|Any CPU
		{A0ED783F-0EFD-41C0-8025-D29217345730}.AppStore|Any CPU.Build.0 = Release|Any CPU
		{A0ED783F-0EFD-41C0-8025-D29217345730}.AppStore|iPhone.ActiveCfg = Release|Any CPU
		{A0ED783F-0EFD-41C0-8025-D29217345730}.AppStore|iPhone.Build.0 = Release|Any CPU
		{A0ED783F-0EFD-41C0-8025-D29217345730}.AppStore|iPhoneSimulator.ActiveCfg = Release|Any CPU
		{A0ED783F-0EFD-41C0-8025-D29217345730}.AppStore|iPhoneSimulator.Build.0 = Release|Any CPU
		{A0ED783F-0EFD-41C0-8025-D29217345730}.Debug|Any CPU.ActiveCfg = Debug|Any CPU
		{A0ED783F-0EFD-41C0-8025-D29217345730}.Debug|iPhone.ActiveCfg = Debug|Any CPU
		{A0ED783F-0EFD-41C0-8025-D29217345730}.Debug|iPhone.Build.0 = Debug|Any CPU
		{A0ED783F-0EFD-41C0-8025-D29217345730}.Debug|iPhoneSimulator.ActiveCfg = Debug|Any CPU
		{A0ED783F-0EFD-41C0-8025-D29217345730}.Debug|iPhoneSimulator.Build.0 = Debug|Any CPU
		{A0ED783F-0EFD-41C0-8025-D29217345730}.Release|Any CPU.ActiveCfg = Release|Any CPU
		{A0ED783F-0EFD-41C0-8025-D29217345730}.Release|Any CPU.Build.0 = Release|Any CPU
		{A0ED783F-0EFD-41C0-8025-D29217345730}.Release|iPhone.ActiveCfg = Release|Any CPU
		{A0ED783F-0EFD-41C0-8025-D29217345730}.Release|iPhone.Build.0 = Release|Any CPU
		{A0ED783F-0EFD-41C0-8025-D29217345730}.Release|iPhoneSimulator.ActiveCfg = Release|Any CPU
		{A0ED783F-0EFD-41C0-8025-D29217345730}.Release|iPhoneSimulator.Build.0 = Release|Any CPU
	EndGlobalSection
	GlobalSection(SolutionProperties) = preSolution
		HideSolutionNode = FALSE
	EndGlobalSection
	GlobalSection(NestedProjects) = preSolution
		{5D689AE9-CEA5-491F-B196-AE4B6C9BA5C1} = {260971F1-6705-4FEF-9150-59B83EB7644E}
		{8D932186-4A2A-4EA2-8E1B-AA39DF3A7E61} = {260971F1-6705-4FEF-9150-59B83EB7644E}
		{A0ED783F-0EFD-41C0-8025-D29217345730} = {260971F1-6705-4FEF-9150-59B83EB7644E}
	EndGlobalSection
	GlobalSection(ExtensibilityGlobals) = postSolution
		SolutionGuid = {AFE0CE2B-062D-441D-8A1E-810EBAF7B38F}
	EndGlobalSection
EndGlobal
